
Microsoft Visual Studio Solution File, Format Version 12.00
# Visual Studio Version 17
VisualStudioVersion = 17.3.32819.101
MinimumVisualStudioVersion = 10.0.40219.1
Project("{2150E333-8FDC-42A3-9474-1A3956D46DE8}") = "Services", "Services", "{D06C454A-5CD6-43D5-9940-E99AAFE0374D}"
EndProject
Project("{2150E333-8FDC-42A3-9474-1A3956D46DE8}") = "Identity", "Identity", "{D4DB3F3E-9DE1-4C51-8EB4-F5FD13B1E853}"
EndProject
Project("{2150E333-8FDC-42A3-9474-1A3956D46DE8}") = "Admin", "Admin", "{D30FCD34-6FDF-4F13-90BE-E7FCC2F51A33}"
EndProject
Project("{2150E333-8FDC-42A3-9474-1A3956D46DE8}") = "POSP", "POSP", "{ACA9A49C-E261-490D-AFAE-ADFC52EDE96A}"
EndProject
Project("{9A19103F-16F7-4668-BE54-9A1E7A4F7556}") = "Admin.API", "Admin\Admin.API\Admin.API.csproj", "{7279CEDD-C744-4D35-A153-E3B9B7B91679}"
EndProject
Project("{9A19103F-16F7-4668-BE54-9A1E7A4F7556}") = "Identity.API", "Identity\Identity.API\Identity.API.csproj", "{88A6F786-3C8E-4D2E-BF07-E8F6EAF124F0}"
EndProject
Project("{9A19103F-16F7-4668-BE54-9A1E7A4F7556}") = "POSP.API", "POSP\POSP.API\POSP.API.csproj", "{B9FB7CD3-FC4D-49FF-8930-FF6DBE6471DC}"
EndProject
Project("{2150E333-8FDC-42A3-9474-1A3956D46DE8}") = "ApiGateways", "ApiGateways", "{3FFFD52F-E9E0-4F93-802C-522A73513168}"
EndProject
Project("{9A19103F-16F7-4668-BE54-9A1E7A4F7556}") = "OcelotApiGateway", "OcelotApiGateway\OcelotApiGateway.csproj", "{A66D1AD4-360D-4B21-B6A6-F2197CBC2FCE}"
EndProject
Project("{2150E333-8FDC-42A3-9474-1A3956D46DE8}") = "Insurance", "Insurance", "{B32B42DC-2366-4088-B17D-53AC5F8D99A7}"
EndProject
Project("{9A19103F-16F7-4668-BE54-9A1E7A4F7556}") = "Insurance.API", "Insurance\Insurance.API\Insurance.API.csproj", "{38509608-AA63-466B-B451-34F5B0C49EE8}"
	ProjectSection(ProjectDependencies) = postProject
		{DEE3C885-F1C5-46FB-86C1-0C9A76B0F5A7} = {DEE3C885-F1C5-46FB-86C1-0C9A76B0F5A7}
		{ED7903D0-CC1A-4572-832E-E959C309E366} = {ED7903D0-CC1A-4572-832E-E959C309E366}
	EndProjectSection
EndProject
Project("{9A19103F-16F7-4668-BE54-9A1E7A4F7556}") = "Insurance.Core", "Insurance\Insurance.Core\Insurance.Core.csproj", "{ED7903D0-CC1A-4572-832E-E959C309E366}"
EndProject
Project("{9A19103F-16F7-4668-BE54-9A1E7A4F7556}") = "Insurance.Domain", "Insurance\Insurance.Domain\Insurance.Domain.csproj", "{5E7B7A7D-C179-45C3-A3F5-050B104E29E9}"
EndProject
Project("{9A19103F-16F7-4668-BE54-9A1E7A4F7556}") = "Insurance.Persistence", "Insurance\Insurance.Persistence\Insurance.Persistence.csproj", "{DEE3C885-F1C5-46FB-86C1-0C9A76B0F5A7}"
EndProject
Project("{9A19103F-16F7-4668-BE54-9A1E7A4F7556}") = "POSP.Core", "POSP\POSP.Core\POSP.Core.csproj", "{14E220CF-4400-4590-9137-A33D152CC48E}"
EndProject
Project("{9A19103F-16F7-4668-BE54-9A1E7A4F7556}") = "POSP.Domain", "POSP\POSP.Domain\POSP.Domain.csproj", "{3A789401-2AD2-4562-8D9A-1852E4568749}"
EndProject
Project("{9A19103F-16F7-4668-BE54-9A1E7A4F7556}") = "POSP.Persistence", "POSP\POSP.Persistence\POSP.Persistence.csproj", "{802EFCBC-DA84-4E30-A68F-0B775ACAEFD1}"
EndProject
Project("{9A19103F-16F7-4668-BE54-9A1E7A4F7556}") = "Identity.Core", "Identity\Identity.Core\Identity.Core.csproj", "{2381F5EE-9BEC-4F2A-A0D0-381DA6599493}"
EndProject
Project("{9A19103F-16F7-4668-BE54-9A1E7A4F7556}") = "Identity.Domain", "Identity\Identity.Domain\Identity.Domain.csproj", "{C252ABC6-8DCC-4D3C-974D-FCB660193011}"
EndProject
Project("{9A19103F-16F7-4668-BE54-9A1E7A4F7556}") = "Identity.Persistence", "Identity\Identity.Persistence\Identity.Persistence.csproj", "{545D9D7E-EB4E-4C7F-96AC-728DDF7820B3}"
EndProject
Project("{2150E333-8FDC-42A3-9474-1A3956D46DE8}") = "ThirdPartyIntegration", "ThirdPartyIntegration", "{F7ECDD05-4A1C-4008-8D8E-2B03A69F88D1}"
EndProject
Project("{9A19103F-16F7-4668-BE54-9A1E7A4F7556}") = "ThirdPartyUtilities", "ThirdPartyIntegration\ThirdPartyUtilities\ThirdPartyUtilities.csproj", "{FB7892B4-B1AF-4BEB-944B-BB7F0584EEFA}"
EndProject
Project("{9A19103F-16F7-4668-BE54-9A1E7A4F7556}") = "Admin.Core", "Admin\Admin.Core\Admin.Core.csproj", "{B833BE4B-E6D5-40C1-9FFA-28DE0FDCF11B}"
EndProject
Project("{9A19103F-16F7-4668-BE54-9A1E7A4F7556}") = "Admin.Domain", "Admin\Admin.Domain\Admin.Domain.csproj", "{E0F9F61E-B32A-4A04-B064-ED60B88B9EFE}"
EndProject
Project("{9A19103F-16F7-4668-BE54-9A1E7A4F7556}") = "Admin.Persistence", "Admin\Admin.Persistence\Admin.Persistence.csproj", "{801602EA-3477-4093-BC40-3B886C55545A}"
EndProject
Project("{9A19103F-16F7-4668-BE54-9A1E7A4F7556}") = "Insurance.Web", "Insurance\Insurance.Web\Insurance.Web.csproj", "{7CA7DB49-9002-45B1-93E6-639BBFF45BC0}"
EndProject
Project("{9A19103F-16F7-4668-BE54-9A1E7A4F7556}") = "BackgroundJobs", "BackgroundJobs\BackgroundJobs\BackgroundJobs.csproj", "{F639BEBD-BA1C-4577-BE73-9DB14536EE5F}"
EndProject
Project("{2150E333-8FDC-42A3-9474-1A3956D46DE8}") = "BackgroundJobs", "BackgroundJobs", "{31BD070C-D02B-42CC-A3F7-A84C9313C294}"
EndProject
Project("{9A19103F-16F7-4668-BE54-9A1E7A4F7556}") = "BackgroundJobs.Repository", "BackgroundJobs\BackgroundJobs.Repository\BackgroundJobs.Repository.csproj", "{A97F721F-9161-446E-B97A-B7D3E386CA77}"
EndProject
Project("{2150E333-8FDC-42A3-9474-1A3956D46DE8}") = "Database", "Database", "{10804353-7123-415F-ACCA-94A83408AE37}"
EndProject
Project("{2150E333-8FDC-42A3-9474-1A3956D46DE8}") = "Insurance", "Insurance", "{FFB3017A-20E7-4764-92E1-0ED2893E767F}"
EndProject
Project("{00D1A9C2-B5F0-4AF3-8072-F6C62B433612}") = "Insurance", "Database\Insurance\Insurance\Insurance.sqlproj", "{224F9176-473E-4AB8-8DE1-0E405C36A302}"
EndProject
Project("{2150E333-8FDC-42A3-9474-1A3956D46DE8}") = "Identity", "Identity", "{9ED408BA-2CAB-48F6-80C1-283FCFE10E1C}"
EndProject
Project("{00D1A9C2-B5F0-4AF3-8072-F6C62B433612}") = "Identity", "Database\Identity\Identity\Identity.sqlproj", "{72879BE0-C083-4C75-A8E0-6A4BC925AC13}"
EndProject
Project("{2150E333-8FDC-42A3-9474-1A3956D46DE8}") = "POSP", "POSP", "{EA3913B2-8845-41D6-96D1-B279D22491A1}"
EndProject
Project("{00D1A9C2-B5F0-4AF3-8072-F6C62B433612}") = "POSP", "Database\POSP\POSP\POSP.sqlproj", "{3837069B-FE70-47CE-8B51-EB6FE735B838}"
EndProject
Project("{2150E333-8FDC-42A3-9474-1A3956D46DE8}") = "Admin", "Admin", "{5ABE864A-B6C8-46C2-BFDF-836E36594B56}"
EndProject
Project("{00D1A9C2-B5F0-4AF3-8072-F6C62B433612}") = "Admin", "Database\Admin\Admin\Admin.sqlproj", "{E6443AB0-2925-40B4-B88A-C87B0414CB5C}"
EndProject
Project("{2150E333-8FDC-42A3-9474-1A3956D46DE8}") = "QueueService", "QueueService", "{8A571965-C9CB-449A-932E-F19D20D39781}"
EndProject
Project("{9A19103F-16F7-4668-BE54-9A1E7A4F7556}") = "QueueServices", "QueueService\QueueServices\QueueServices.csproj", "{037327D0-DEA1-4AE6-B534-A5EA3B3022CE}"
EndProject
Global
	GlobalSection(SolutionConfigurationPlatforms) = preSolution
		Debug|Any CPU = Debug|Any CPU
		Release|Any CPU = Release|Any CPU
	EndGlobalSection
	GlobalSection(ProjectConfigurationPlatforms) = postSolution
		{7279CEDD-C744-4D35-A153-E3B9B7B91679}.Debug|Any CPU.ActiveCfg = Debug|Any CPU
		{7279CEDD-C744-4D35-A153-E3B9B7B91679}.Debug|Any CPU.Build.0 = Debug|Any CPU
		{7279CEDD-C744-4D35-A153-E3B9B7B91679}.Release|Any CPU.ActiveCfg = Release|Any CPU
		{7279CEDD-C744-4D35-A153-E3B9B7B91679}.Release|Any CPU.Build.0 = Release|Any CPU
		{88A6F786-3C8E-4D2E-BF07-E8F6EAF124F0}.Debug|Any CPU.ActiveCfg = Debug|Any CPU
		{88A6F786-3C8E-4D2E-BF07-E8F6EAF124F0}.Debug|Any CPU.Build.0 = Debug|Any CPU
		{88A6F786-3C8E-4D2E-BF07-E8F6EAF124F0}.Release|Any CPU.ActiveCfg = Release|Any CPU
		{88A6F786-3C8E-4D2E-BF07-E8F6EAF124F0}.Release|Any CPU.Build.0 = Release|Any CPU
		{B9FB7CD3-FC4D-49FF-8930-FF6DBE6471DC}.Debug|Any CPU.ActiveCfg = Debug|Any CPU
		{B9FB7CD3-FC4D-49FF-8930-FF6DBE6471DC}.Debug|Any CPU.Build.0 = Debug|Any CPU
		{B9FB7CD3-FC4D-49FF-8930-FF6DBE6471DC}.Release|Any CPU.ActiveCfg = Release|Any CPU
		{B9FB7CD3-FC4D-49FF-8930-FF6DBE6471DC}.Release|Any CPU.Build.0 = Release|Any CPU
		{A66D1AD4-360D-4B21-B6A6-F2197CBC2FCE}.Debug|Any CPU.ActiveCfg = Debug|Any CPU
		{A66D1AD4-360D-4B21-B6A6-F2197CBC2FCE}.Debug|Any CPU.Build.0 = Debug|Any CPU
		{A66D1AD4-360D-4B21-B6A6-F2197CBC2FCE}.Release|Any CPU.ActiveCfg = Release|Any CPU
		{A66D1AD4-360D-4B21-B6A6-F2197CBC2FCE}.Release|Any CPU.Build.0 = Release|Any CPU
		{38509608-AA63-466B-B451-34F5B0C49EE8}.Debug|Any CPU.ActiveCfg = Debug|Any CPU
		{38509608-AA63-466B-B451-34F5B0C49EE8}.Debug|Any CPU.Build.0 = Debug|Any CPU
		{38509608-AA63-466B-B451-34F5B0C49EE8}.Release|Any CPU.ActiveCfg = Release|Any CPU
		{38509608-AA63-466B-B451-34F5B0C49EE8}.Release|Any CPU.Build.0 = Release|Any CPU
		{ED7903D0-CC1A-4572-832E-E959C309E366}.Debug|Any CPU.ActiveCfg = Debug|Any CPU
		{ED7903D0-CC1A-4572-832E-E959C309E366}.Debug|Any CPU.Build.0 = Debug|Any CPU
		{ED7903D0-CC1A-4572-832E-E959C309E366}.Release|Any CPU.ActiveCfg = Release|Any CPU
		{ED7903D0-CC1A-4572-832E-E959C309E366}.Release|Any CPU.Build.0 = Release|Any CPU
		{5E7B7A7D-C179-45C3-A3F5-050B104E29E9}.Debug|Any CPU.ActiveCfg = Debug|Any CPU
		{5E7B7A7D-C179-45C3-A3F5-050B104E29E9}.Debug|Any CPU.Build.0 = Debug|Any CPU
		{5E7B7A7D-C179-45C3-A3F5-050B104E29E9}.Release|Any CPU.ActiveCfg = Release|Any CPU
		{5E7B7A7D-C179-45C3-A3F5-050B104E29E9}.Release|Any CPU.Build.0 = Release|Any CPU
		{DEE3C885-F1C5-46FB-86C1-0C9A76B0F5A7}.Debug|Any CPU.ActiveCfg = Debug|Any CPU
		{DEE3C885-F1C5-46FB-86C1-0C9A76B0F5A7}.Debug|Any CPU.Build.0 = Debug|Any CPU
		{DEE3C885-F1C5-46FB-86C1-0C9A76B0F5A7}.Release|Any CPU.ActiveCfg = Release|Any CPU
		{DEE3C885-F1C5-46FB-86C1-0C9A76B0F5A7}.Release|Any CPU.Build.0 = Release|Any CPU
		{14E220CF-4400-4590-9137-A33D152CC48E}.Debug|Any CPU.ActiveCfg = Debug|Any CPU
		{14E220CF-4400-4590-9137-A33D152CC48E}.Debug|Any CPU.Build.0 = Debug|Any CPU
		{14E220CF-4400-4590-9137-A33D152CC48E}.Release|Any CPU.ActiveCfg = Release|Any CPU
		{14E220CF-4400-4590-9137-A33D152CC48E}.Release|Any CPU.Build.0 = Release|Any CPU
		{3A789401-2AD2-4562-8D9A-1852E4568749}.Debug|Any CPU.ActiveCfg = Debug|Any CPU
		{3A789401-2AD2-4562-8D9A-1852E4568749}.Debug|Any CPU.Build.0 = Debug|Any CPU
		{3A789401-2AD2-4562-8D9A-1852E4568749}.Release|Any CPU.ActiveCfg = Release|Any CPU
		{3A789401-2AD2-4562-8D9A-1852E4568749}.Release|Any CPU.Build.0 = Release|Any CPU
		{802EFCBC-DA84-4E30-A68F-0B775ACAEFD1}.Debug|Any CPU.ActiveCfg = Debug|Any CPU
		{802EFCBC-DA84-4E30-A68F-0B775ACAEFD1}.Debug|Any CPU.Build.0 = Debug|Any CPU
		{802EFCBC-DA84-4E30-A68F-0B775ACAEFD1}.Release|Any CPU.ActiveCfg = Release|Any CPU
		{802EFCBC-DA84-4E30-A68F-0B775ACAEFD1}.Release|Any CPU.Build.0 = Release|Any CPU
		{2381F5EE-9BEC-4F2A-A0D0-381DA6599493}.Debug|Any CPU.ActiveCfg = Debug|Any CPU
		{2381F5EE-9BEC-4F2A-A0D0-381DA6599493}.Debug|Any CPU.Build.0 = Debug|Any CPU
		{2381F5EE-9BEC-4F2A-A0D0-381DA6599493}.Release|Any CPU.ActiveCfg = Release|Any CPU
		{2381F5EE-9BEC-4F2A-A0D0-381DA6599493}.Release|Any CPU.Build.0 = Release|Any CPU
		{C252ABC6-8DCC-4D3C-974D-FCB660193011}.Debug|Any CPU.ActiveCfg = Debug|Any CPU
		{C252ABC6-8DCC-4D3C-974D-FCB660193011}.Debug|Any CPU.Build.0 = Debug|Any CPU
		{C252ABC6-8DCC-4D3C-974D-FCB660193011}.Release|Any CPU.ActiveCfg = Release|Any CPU
		{C252ABC6-8DCC-4D3C-974D-FCB660193011}.Release|Any CPU.Build.0 = Release|Any CPU
		{545D9D7E-EB4E-4C7F-96AC-728DDF7820B3}.Debug|Any CPU.ActiveCfg = Debug|Any CPU
		{545D9D7E-EB4E-4C7F-96AC-728DDF7820B3}.Debug|Any CPU.Build.0 = Debug|Any CPU
		{545D9D7E-EB4E-4C7F-96AC-728DDF7820B3}.Release|Any CPU.ActiveCfg = Release|Any CPU
		{545D9D7E-EB4E-4C7F-96AC-728DDF7820B3}.Release|Any CPU.Build.0 = Release|Any CPU
		{FB7892B4-B1AF-4BEB-944B-BB7F0584EEFA}.Debug|Any CPU.ActiveCfg = Debug|Any CPU
		{FB7892B4-B1AF-4BEB-944B-BB7F0584EEFA}.Debug|Any CPU.Build.0 = Debug|Any CPU
		{FB7892B4-B1AF-4BEB-944B-BB7F0584EEFA}.Release|Any CPU.ActiveCfg = Release|Any CPU
		{FB7892B4-B1AF-4BEB-944B-BB7F0584EEFA}.Release|Any CPU.Build.0 = Release|Any CPU
		{B833BE4B-E6D5-40C1-9FFA-28DE0FDCF11B}.Debug|Any CPU.ActiveCfg = Debug|Any CPU
		{B833BE4B-E6D5-40C1-9FFA-28DE0FDCF11B}.Debug|Any CPU.Build.0 = Debug|Any CPU
		{B833BE4B-E6D5-40C1-9FFA-28DE0FDCF11B}.Release|Any CPU.ActiveCfg = Release|Any CPU
		{B833BE4B-E6D5-40C1-9FFA-28DE0FDCF11B}.Release|Any CPU.Build.0 = Release|Any CPU
		{E0F9F61E-B32A-4A04-B064-ED60B88B9EFE}.Debug|Any CPU.ActiveCfg = Debug|Any CPU
		{E0F9F61E-B32A-4A04-B064-ED60B88B9EFE}.Debug|Any CPU.Build.0 = Debug|Any CPU
		{E0F9F61E-B32A-4A04-B064-ED60B88B9EFE}.Release|Any CPU.ActiveCfg = Release|Any CPU
		{E0F9F61E-B32A-4A04-B064-ED60B88B9EFE}.Release|Any CPU.Build.0 = Release|Any CPU
		{801602EA-3477-4093-BC40-3B886C55545A}.Debug|Any CPU.ActiveCfg = Debug|Any CPU
		{801602EA-3477-4093-BC40-3B886C55545A}.Debug|Any CPU.Build.0 = Debug|Any CPU
		{801602EA-3477-4093-BC40-3B886C55545A}.Release|Any CPU.ActiveCfg = Release|Any CPU
		{801602EA-3477-4093-BC40-3B886C55545A}.Release|Any CPU.Build.0 = Release|Any CPU
		{7CA7DB49-9002-45B1-93E6-639BBFF45BC0}.Debug|Any CPU.ActiveCfg = Debug|Any CPU
		{7CA7DB49-9002-45B1-93E6-639BBFF45BC0}.Debug|Any CPU.Build.0 = Debug|Any CPU
		{7CA7DB49-9002-45B1-93E6-639BBFF45BC0}.Release|Any CPU.ActiveCfg = Release|Any CPU
		{7CA7DB49-9002-45B1-93E6-639BBFF45BC0}.Release|Any CPU.Build.0 = Release|Any CPU
		{F639BEBD-BA1C-4577-BE73-9DB14536EE5F}.Debug|Any CPU.ActiveCfg = Debug|Any CPU
		{F639BEBD-BA1C-4577-BE73-9DB14536EE5F}.Debug|Any CPU.Build.0 = Debug|Any CPU
		{F639BEBD-BA1C-4577-BE73-9DB14536EE5F}.Release|Any CPU.ActiveCfg = Release|Any CPU
		{F639BEBD-BA1C-4577-BE73-9DB14536EE5F}.Release|Any CPU.Build.0 = Release|Any CPU
		{A97F721F-9161-446E-B97A-B7D3E386CA77}.Debug|Any CPU.ActiveCfg = Debug|Any CPU
		{A97F721F-9161-446E-B97A-B7D3E386CA77}.Debug|Any CPU.Build.0 = Debug|Any CPU
		{A97F721F-9161-446E-B97A-B7D3E386CA77}.Release|Any CPU.ActiveCfg = Release|Any CPU
		{A97F721F-9161-446E-B97A-B7D3E386CA77}.Release|Any CPU.Build.0 = Release|Any CPU
		{224F9176-473E-4AB8-8DE1-0E405C36A302}.Debug|Any CPU.ActiveCfg = Debug|Any CPU
		{224F9176-473E-4AB8-8DE1-0E405C36A302}.Debug|Any CPU.Build.0 = Debug|Any CPU
		{224F9176-473E-4AB8-8DE1-0E405C36A302}.Debug|Any CPU.Deploy.0 = Debug|Any CPU
		{224F9176-473E-4AB8-8DE1-0E405C36A302}.Release|Any CPU.ActiveCfg = Release|Any CPU
		{224F9176-473E-4AB8-8DE1-0E405C36A302}.Release|Any CPU.Build.0 = Release|Any CPU
		{224F9176-473E-4AB8-8DE1-0E405C36A302}.Release|Any CPU.Deploy.0 = Release|Any CPU
		{72879BE0-C083-4C75-A8E0-6A4BC925AC13}.Debug|Any CPU.ActiveCfg = Debug|Any CPU
		{72879BE0-C083-4C75-A8E0-6A4BC925AC13}.Debug|Any CPU.Build.0 = Debug|Any CPU
		{72879BE0-C083-4C75-A8E0-6A4BC925AC13}.Debug|Any CPU.Deploy.0 = Debug|Any CPU
		{72879BE0-C083-4C75-A8E0-6A4BC925AC13}.Release|Any CPU.ActiveCfg = Release|Any CPU
		{72879BE0-C083-4C75-A8E0-6A4BC925AC13}.Release|Any CPU.Build.0 = Release|Any CPU
		{72879BE0-C083-4C75-A8E0-6A4BC925AC13}.Release|Any CPU.Deploy.0 = Release|Any CPU
		{3837069B-FE70-47CE-8B51-EB6FE735B838}.Debug|Any CPU.ActiveCfg = Debug|Any CPU
		{3837069B-FE70-47CE-8B51-EB6FE735B838}.Debug|Any CPU.Build.0 = Debug|Any CPU
		{3837069B-FE70-47CE-8B51-EB6FE735B838}.Debug|Any CPU.Deploy.0 = Debug|Any CPU
		{3837069B-FE70-47CE-8B51-EB6FE735B838}.Release|Any CPU.ActiveCfg = Release|Any CPU
		{3837069B-FE70-47CE-8B51-EB6FE735B838}.Release|Any CPU.Build.0 = Release|Any CPU
		{3837069B-FE70-47CE-8B51-EB6FE735B838}.Release|Any CPU.Deploy.0 = Release|Any CPU
		{E6443AB0-2925-40B4-B88A-C87B0414CB5C}.Debug|Any CPU.ActiveCfg = Debug|Any CPU
		{E6443AB0-2925-40B4-B88A-C87B0414CB5C}.Debug|Any CPU.Build.0 = Debug|Any CPU
		{E6443AB0-2925-40B4-B88A-C87B0414CB5C}.Debug|Any CPU.Deploy.0 = Debug|Any CPU
		{E6443AB0-2925-40B4-B88A-C87B0414CB5C}.Release|Any CPU.ActiveCfg = Release|Any CPU
		{E6443AB0-2925-40B4-B88A-C87B0414CB5C}.Release|Any CPU.Build.0 = Release|Any CPU
		{E6443AB0-2925-40B4-B88A-C87B0414CB5C}.Release|Any CPU.Deploy.0 = Release|Any CPU
		{037327D0-DEA1-4AE6-B534-A5EA3B3022CE}.Debug|Any CPU.ActiveCfg = Debug|Any CPU
		{037327D0-DEA1-4AE6-B534-A5EA3B3022CE}.Debug|Any CPU.Build.0 = Debug|Any CPU
		{037327D0-DEA1-4AE6-B534-A5EA3B3022CE}.Release|Any CPU.ActiveCfg = Release|Any CPU
		{037327D0-DEA1-4AE6-B534-A5EA3B3022CE}.Release|Any CPU.Build.0 = Release|Any CPU
	EndGlobalSection
	GlobalSection(SolutionProperties) = preSolution
		HideSolutionNode = FALSE
	EndGlobalSection
	GlobalSection(NestedProjects) = preSolution
		{D4DB3F3E-9DE1-4C51-8EB4-F5FD13B1E853} = {D06C454A-5CD6-43D5-9940-E99AAFE0374D}
		{D30FCD34-6FDF-4F13-90BE-E7FCC2F51A33} = {D06C454A-5CD6-43D5-9940-E99AAFE0374D}
		{ACA9A49C-E261-490D-AFAE-ADFC52EDE96A} = {D06C454A-5CD6-43D5-9940-E99AAFE0374D}
		{7279CEDD-C744-4D35-A153-E3B9B7B91679} = {D30FCD34-6FDF-4F13-90BE-E7FCC2F51A33}
		{88A6F786-3C8E-4D2E-BF07-E8F6EAF124F0} = {D4DB3F3E-9DE1-4C51-8EB4-F5FD13B1E853}
		{B9FB7CD3-FC4D-49FF-8930-FF6DBE6471DC} = {ACA9A49C-E261-490D-AFAE-ADFC52EDE96A}
		{A66D1AD4-360D-4B21-B6A6-F2197CBC2FCE} = {3FFFD52F-E9E0-4F93-802C-522A73513168}
		{B32B42DC-2366-4088-B17D-53AC5F8D99A7} = {D06C454A-5CD6-43D5-9940-E99AAFE0374D}
		{38509608-AA63-466B-B451-34F5B0C49EE8} = {B32B42DC-2366-4088-B17D-53AC5F8D99A7}
		{ED7903D0-CC1A-4572-832E-E959C309E366} = {B32B42DC-2366-4088-B17D-53AC5F8D99A7}
		{5E7B7A7D-C179-45C3-A3F5-050B104E29E9} = {B32B42DC-2366-4088-B17D-53AC5F8D99A7}
		{DEE3C885-F1C5-46FB-86C1-0C9A76B0F5A7} = {B32B42DC-2366-4088-B17D-53AC5F8D99A7}
		{14E220CF-4400-4590-9137-A33D152CC48E} = {ACA9A49C-E261-490D-AFAE-ADFC52EDE96A}
		{3A789401-2AD2-4562-8D9A-1852E4568749} = {ACA9A49C-E261-490D-AFAE-ADFC52EDE96A}
		{802EFCBC-DA84-4E30-A68F-0B775ACAEFD1} = {ACA9A49C-E261-490D-AFAE-ADFC52EDE96A}
		{2381F5EE-9BEC-4F2A-A0D0-381DA6599493} = {D4DB3F3E-9DE1-4C51-8EB4-F5FD13B1E853}
		{C252ABC6-8DCC-4D3C-974D-FCB660193011} = {D4DB3F3E-9DE1-4C51-8EB4-F5FD13B1E853}
		{545D9D7E-EB4E-4C7F-96AC-728DDF7820B3} = {D4DB3F3E-9DE1-4C51-8EB4-F5FD13B1E853}
		{F7ECDD05-4A1C-4008-8D8E-2B03A69F88D1} = {D06C454A-5CD6-43D5-9940-E99AAFE0374D}
		{FB7892B4-B1AF-4BEB-944B-BB7F0584EEFA} = {F7ECDD05-4A1C-4008-8D8E-2B03A69F88D1}
		{B833BE4B-E6D5-40C1-9FFA-28DE0FDCF11B} = {D30FCD34-6FDF-4F13-90BE-E7FCC2F51A33}
		{E0F9F61E-B32A-4A04-B064-ED60B88B9EFE} = {D30FCD34-6FDF-4F13-90BE-E7FCC2F51A33}
		{801602EA-3477-4093-BC40-3B886C55545A} = {D30FCD34-6FDF-4F13-90BE-E7FCC2F51A33}
		{7CA7DB49-9002-45B1-93E6-639BBFF45BC0} = {B32B42DC-2366-4088-B17D-53AC5F8D99A7}
		{F639BEBD-BA1C-4577-BE73-9DB14536EE5F} = {31BD070C-D02B-42CC-A3F7-A84C9313C294}
		{31BD070C-D02B-42CC-A3F7-A84C9313C294} = {D06C454A-5CD6-43D5-9940-E99AAFE0374D}
		{A97F721F-9161-446E-B97A-B7D3E386CA77} = {31BD070C-D02B-42CC-A3F7-A84C9313C294}
		{FFB3017A-20E7-4764-92E1-0ED2893E767F} = {10804353-7123-415F-ACCA-94A83408AE37}
		{224F9176-473E-4AB8-8DE1-0E405C36A302} = {FFB3017A-20E7-4764-92E1-0ED2893E767F}
		{9ED408BA-2CAB-48F6-80C1-283FCFE10E1C} = {10804353-7123-415F-ACCA-94A83408AE37}
		{72879BE0-C083-4C75-A8E0-6A4BC925AC13} = {9ED408BA-2CAB-48F6-80C1-283FCFE10E1C}
		{EA3913B2-8845-41D6-96D1-B279D22491A1} = {10804353-7123-415F-ACCA-94A83408AE37}
		{3837069B-FE70-47CE-8B51-EB6FE735B838} = {EA3913B2-8845-41D6-96D1-B279D22491A1}
		{5ABE864A-B6C8-46C2-BFDF-836E36594B56} = {10804353-7123-415F-ACCA-94A83408AE37}
		{E6443AB0-2925-40B4-B88A-C87B0414CB5C} = {5ABE864A-B6C8-46C2-BFDF-836E36594B56}
		{8A571965-C9CB-449A-932E-F19D20D39781} = {D06C454A-5CD6-43D5-9940-E99AAFE0374D}
		{037327D0-DEA1-4AE6-B534-A5EA3B3022CE} = {8A571965-C9CB-449A-932E-F19D20D39781}
	EndGlobalSection
	GlobalSection(ExtensibilityGlobals) = postSolution
		SolutionGuid = {DC1EFF28-587B-45DF-8B48-E6EE8E11810A}
	EndGlobalSection
EndGlobal
